// !$*UTF8*$!
{
	archiveVersion = 1;
	classes = {
	};
	objectVersion = 50;
	objects = {

/* Begin PBXBuildFile section */
		DCFF79B124B3826E0022D6C7 /* AppDelegate.m in Sources */ = {isa = PBXBuildFile; fileRef = DCFF79B024B3826E0022D6C7 /* AppDelegate.m */; };
		DCFF79B424B3826E0022D6C7 /* SceneDelegate.m in Sources */ = {isa = PBXBuildFile; fileRef = DCFF79B324B3826E0022D6C7 /* SceneDelegate.m */; };
		DCFF79B724B3826E0022D6C7 /* ViewController.m in Sources */ = {isa = PBXBuildFile; fileRef = DCFF79B624B3826E0022D6C7 /* ViewController.m */; };
		DCFF79BA24B3826E0022D6C7 /* Main.storyboard in Resources */ = {isa = PBXBuildFile; fileRef = DCFF79B824B3826E0022D6C7 /* Main.storyboard */; };
		DCFF79BC24B382700022D6C7 /* Assets.xcassets in Resources */ = {isa = PBXBuildFile; fileRef = DCFF79BB24B382700022D6C7 /* Assets.xcassets */; };
		DCFF79BF24B382700022D6C7 /* LaunchScreen.storyboard in Resources */ = {isa = PBXBuildFile; fileRef = DCFF79BD24B382700022D6C7 /* LaunchScreen.storyboard */; };
		DCFF79C224B382700022D6C7 /* main.m in Sources */ = {isa = PBXBuildFile; fileRef = DCFF79C124B382700022D6C7 /* main.m */; };
		DCFF79CC24B382700022D6C7 /* ParseChatTests.m in Sources */ = {isa = PBXBuildFile; fileRef = DCFF79CB24B382700022D6C7 /* ParseChatTests.m */; };
		DCFF79D724B382700022D6C7 /* ParseChatUITests.m in Sources */ = {isa = PBXBuildFile; fileRef = DCFF79D624B382700022D6C7 /* ParseChatUITests.m */; };
/* End PBXBuildFile section */

/* Begin PBXContainerItemProxy section */
		DCFF79C824B382700022D6C7 /* PBXContainerItemProxy */ = {
			isa = PBXContainerItemProxy;
			containerPortal = DCFF79A424B3826E0022D6C7 /* Project object */;
			proxyType = 1;
			remoteGlobalIDString = DCFF79AB24B3826E0022D6C7;
			remoteInfo = ParseChat;
		};
		DCFF79D324B382700022D6C7 /* PBXContainerItemProxy */ = {
			isa = PBXContainerItemProxy;
			containerPortal = DCFF79A424B3826E0022D6C7 /* Project object */;
			proxyType = 1;
			remoteGlobalIDString = DCFF79AB24B3826E0022D6C7;
			remoteInfo = ParseChat;
		};
/* End PBXContainerItemProxy section */

/* Begin PBXFileReference section */
		DCFF79AC24B3826E0022D6C7 /* ParseChat.app */ = {isa = PBXFileReference; explicitFileType = wrapper.application; includeInIndex = 0; path = ParseChat.app; sourceTree = BUILT_PRODUCTS_DIR; };
		DCFF79AF24B3826E0022D6C7 /* AppDelegate.h */ = {isa = PBXFileReference; lastKnownFileType = sourcecode.c.h; path = AppDelegate.h; sourceTree = "<group>"; };
		DCFF79B024B3826E0022D6C7 /* AppDelegate.m */ = {isa = PBXFileReference; lastKnownFileType = sourcecode.c.objc; path = AppDelegate.m; sourceTree = "<group>"; };
		DCFF79B224B3826E0022D6C7 /* SceneDelegate.h */ = {isa = PBXFileReference; lastKnownFileType = sourcecode.c.h; path = SceneDelegate.h; sourceTree = "<group>"; };
		DCFF79B324B3826E0022D6C7 /* SceneDelegate.m */ = {isa = PBXFileReference; lastKnownFileType = sourcecode.c.objc; path = SceneDelegate.m; sourceTree = "<group>"; };
		DCFF79B524B3826E0022D6C7 /* ViewController.h */ = {isa = PBXFileReference; lastKnownFileType = sourcecode.c.h; path = ViewController.h; sourceTree = "<group>"; };
		DCFF79B624B3826E0022D6C7 /* ViewController.m */ = {isa = PBXFileReference; lastKnownFileType = sourcecode.c.objc; path = ViewController.m; sourceTree = "<group>"; };
		DCFF79B924B3826E0022D6C7 /* Base */ = {isa = PBXFileReference; lastKnownFileType = file.storyboard; name = Base; path = Base.lproj/Main.storyboard; sourceTree = "<group>"; };
		DCFF79BB24B382700022D6C7 /* Assets.xcassets */ = {isa = PBXFileReference; lastKnownFileType = folder.assetcatalog; path = Assets.xcassets; sourceTree = "<group>"; };
		DCFF79BE24B382700022D6C7 /* Base */ = {isa = PBXFileReference; lastKnownFileType = file.storyboard; name = Base; path = Base.lproj/LaunchScreen.storyboard; sourceTree = "<group>"; };
		DCFF79C024B382700022D6C7 /* Info.plist */ = {isa = PBXFileReference; lastKnownFileType = text.plist.xml; path = Info.plist; sourceTree = "<group>"; };
		DCFF79C124B382700022D6C7 /* main.m */ = {isa = PBXFileReference; lastKnownFileType = sourcecode.c.objc; path = main.m; sourceTree = "<group>"; };
		DCFF79C724B382700022D6C7 /* ParseChatTests.xctest */ = {isa = PBXFileReference; explicitFileType = wrapper.cfbundle; includeInIndex = 0; path = ParseChatTests.xctest; sourceTree = BUILT_PRODUCTS_DIR; };
		DCFF79CB24B382700022D6C7 /* ParseChatTests.m */ = {isa = PBXFileReference; lastKnownFileType = sourcecode.c.objc; path = ParseChatTests.m; sourceTree = "<group>"; };
		DCFF79CD24B382700022D6C7 /* Info.plist */ = {isa = PBXFileReference; lastKnownFileType = text.plist.xml; path = Info.plist; sourceTree = "<group>"; };
		DCFF79D224B382700022D6C7 /* ParseChatUITests.xctest */ = {isa = PBXFileReference; explicitFileType = wrapper.cfbundle; includeInIndex = 0; path = ParseChatUITests.xctest; sourceTree = BUILT_PRODUCTS_DIR; };
		DCFF79D624B382700022D6C7 /* ParseChatUITests.m */ = {isa = PBXFileReference; lastKnownFileType = sourcecode.c.objc; path = ParseChatUITests.m; sourceTree = "<group>"; };
		DCFF79D824B382700022D6C7 /* Info.plist */ = {isa = PBXFileReference; lastKnownFileType = text.plist.xml; path = Info.plist; sourceTree = "<group>"; };
/* End PBXFileReference section */

/* Begin PBXFrameworksBuildPhase section */
		DCFF79A924B3826E0022D6C7 /* Frameworks */ = {
			isa = PBXFrameworksBuildPhase;
			buildActionMask = 2147483647;
			files = (
			);
			runOnlyForDeploymentPostprocessing = 0;
		};
		DCFF79C424B382700022D6C7 /* Frameworks */ = {
			isa = PBXFrameworksBuildPhase;
			buildActionMask = 2147483647;
			files = (
			);
			runOnlyForDeploymentPostprocessing = 0;
		};
		DCFF79CF24B382700022D6C7 /* Frameworks */ = {
			isa = PBXFrameworksBuildPhase;
			buildActionMask = 2147483647;
			files = (
			);
			runOnlyForDeploymentPostprocessing = 0;
		};
/* End PBXFrameworksBuildPhase section */

/* Begin PBXGroup section */
		DCFF79A324B3826E0022D6C7 = {
			isa = PBXGroup;
			children = (
				DCFF79AE24B3826E0022D6C7 /* ParseChat */,
				DCFF79CA24B382700022D6C7 /* ParseChatTests */,
				DCFF79D524B382700022D6C7 /* ParseChatUITests */,
				DCFF79AD24B3826E0022D6C7 /* Products */,
			);
			sourceTree = "<group>";
		};
		DCFF79AD24B3826E0022D6C7 /* Products */ = {
			isa = PBXGroup;
			children = (
				DCFF79AC24B3826E0022D6C7 /* ParseChat.app */,
				DCFF79C724B382700022D6C7 /* ParseChatTests.xctest */,
				DCFF79D224B382700022D6C7 /* ParseChatUITests.xctest */,
			);
			name = Products;
			sourceTree = "<group>";
		};
		DCFF79AE24B3826E0022D6C7 /* ParseChat */ = {
			isa = PBXGroup;
			children = (
				DCFF79AF24B3826E0022D6C7 /* AppDelegate.h */,
				DCFF79B024B3826E0022D6C7 /* AppDelegate.m */,
				DCFF79B224B3826E0022D6C7 /* SceneDelegate.h */,
				DCFF79B324B3826E0022D6C7 /* SceneDelegate.m */,
				DCFF79B524B3826E0022D6C7 /* ViewController.h */,
				DCFF79B624B3826E0022D6C7 /* ViewController.m */,
				DCFF79B824B3826E0022D6C7 /* Main.storyboard */,
				DCFF79BB24B382700022D6C7 /* Assets.xcassets */,
				DCFF79BD24B382700022D6C7 /* LaunchScreen.storyboard */,
				DCFF79C024B382700022D6C7 /* Info.plist */,
				DCFF79C124B382700022D6C7 /* main.m */,
			);
			path = ParseChat;
			sourceTree = "<group>";
		};
		DCFF79CA24B382700022D6C7 /* ParseChatTests */ = {
			isa = PBXGroup;
			children = (
				DCFF79CB24B382700022D6C7 /* ParseChatTests.m */,
				DCFF79CD24B382700022D6C7 /* Info.plist */,
			);
			path = ParseChatTests;
			sourceTree = "<group>";
		};
		DCFF79D524B382700022D6C7 /* ParseChatUITests */ = {
			isa = PBXGroup;
			children = (
				DCFF79D624B382700022D6C7 /* ParseChatUITests.m */,
				DCFF79D824B382700022D6C7 /* Info.plist */,
			);
			path = ParseChatUITests;
			sourceTree = "<group>";
		};
/* End PBXGroup section */

/* Begin PBXNativeTarget section */
		DCFF79AB24B3826E0022D6C7 /* ParseChat */ = {
			isa = PBXNativeTarget;
			buildConfigurationList = DCFF79DB24B382700022D6C7 /* Build configuration list for PBXNativeTarget "ParseChat" */;
			buildPhases = (
				DCFF79A824B3826E0022D6C7 /* Sources */,
				DCFF79A924B3826E0022D6C7 /* Frameworks */,
				DCFF79AA24B3826E0022D6C7 /* Resources */,
			);
			buildRules = (
			);
			dependencies = (
			);
			name = ParseChat;
			productName = ParseChat;
			productReference = DCFF79AC24B3826E0022D6C7 /* ParseChat.app */;
			productType = "com.apple.product-type.application";
		};
		DCFF79C624B382700022D6C7 /* ParseChatTests */ = {
			isa = PBXNativeTarget;
			buildConfigurationList = DCFF79DE24B382700022D6C7 /* Build configuration list for PBXNativeTarget "ParseChatTests" */;
			buildPhases = (
				DCFF79C324B382700022D6C7 /* Sources */,
				DCFF79C424B382700022D6C7 /* Frameworks */,
				DCFF79C524B382700022D6C7 /* Resources */,
			);
			buildRules = (
			);
			dependencies = (
				DCFF79C924B382700022D6C7 /* PBXTargetDependency */,
			);
			name = ParseChatTests;
			productName = ParseChatTests;
			productReference = DCFF79C724B382700022D6C7 /* ParseChatTests.xctest */;
			productType = "com.apple.product-type.bundle.unit-test";
		};
		DCFF79D124B382700022D6C7 /* ParseChatUITests */ = {
			isa = PBXNativeTarget;
			buildConfigurationList = DCFF79E124B382700022D6C7 /* Build configuration list for PBXNativeTarget "ParseChatUITests" */;
			buildPhases = (
				DCFF79CE24B382700022D6C7 /* Sources */,
				DCFF79CF24B382700022D6C7 /* Frameworks */,
				DCFF79D024B382700022D6C7 /* Resources */,
			);
			buildRules = (
			);
			dependencies = (
				DCFF79D424B382700022D6C7 /* PBXTargetDependency */,
			);
			name = ParseChatUITests;
			productName = ParseChatUITests;
			productReference = DCFF79D224B382700022D6C7 /* ParseChatUITests.xctest */;
			productType = "com.apple.product-type.bundle.ui-testing";
		};
/* End PBXNativeTarget section */

/* Begin PBXProject section */
		DCFF79A424B3826E0022D6C7 /* Project object */ = {
			isa = PBXProject;
			attributes = {
				LastUpgradeCheck = 1150;
				ORGANIZATIONNAME = laurentsai;
				TargetAttributes = {
					DCFF79AB24B3826E0022D6C7 = {
						CreatedOnToolsVersion = 11.5;
					};
					DCFF79C624B382700022D6C7 = {
						CreatedOnToolsVersion = 11.5;
						TestTargetID = DCFF79AB24B3826E0022D6C7;
					};
					DCFF79D124B382700022D6C7 = {
						CreatedOnToolsVersion = 11.5;
						TestTargetID = DCFF79AB24B3826E0022D6C7;
					};
				};
			};
			buildConfigurationList = DCFF79A724B3826E0022D6C7 /* Build configuration list for PBXProject "ParseChat" */;
			compatibilityVersion = "Xcode 9.3";
			developmentRegion = en;
			hasScannedForEncodings = 0;
			knownRegions = (
				en,
				Base,
			);
			mainGroup = DCFF79A324B3826E0022D6C7;
			productRefGroup = DCFF79AD24B3826E0022D6C7 /* Products */;
			projectDirPath = "";
			projectRoot = "";
			targets = (
				DCFF79AB24B3826E0022D6C7 /* ParseChat */,
				DCFF79C624B382700022D6C7 /* ParseChatTests */,
				DCFF79D124B382700022D6C7 /* ParseChatUITests */,
			);
		};
/* End PBXProject section */

/* Begin PBXResourcesBuildPhase section */
		DCFF79AA24B3826E0022D6C7 /* Resources */ = {
			isa = PBXResourcesBuildPhase;
			buildActionMask = 2147483647;
			files = (
				DCFF79BF24B382700022D6C7 /* LaunchScreen.storyboard in Resources */,
				DCFF79BC24B382700022D6C7 /* Assets.xcassets in Resources */,
				DCFF79BA24B3826E0022D6C7 /* Main.storyboard in Resources */,
			);
			runOnlyForDeploymentPostprocessing = 0;
		};
		DCFF79C524B382700022D6C7 /* Resources */ = {
			isa = PBXResourcesBuildPhase;
			buildActionMask = 2147483647;
			files = (
			);
			runOnlyForDeploymentPostprocessing = 0;
		};
		DCFF79D024B382700022D6C7 /* Resources */ = {
			isa = PBXResourcesBuildPhase;
			buildActionMask = 2147483647;
			files = (
			);
			runOnlyForDeploymentPostprocessing = 0;
		};
/* End PBXResourcesBuildPhase section */

/* Begin PBXSourcesBuildPhase section */
		DCFF79A824B3826E0022D6C7 /* Sources */ = {
			isa = PBXSourcesBuildPhase;
			buildActionMask = 2147483647;
			files = (
				DCFF79B724B3826E0022D6C7 /* ViewController.m in Sources */,
				DCFF79B124B3826E0022D6C7 /* AppDelegate.m in Sources */,
				DCFF79C224B382700022D6C7 /* main.m in Sources */,
				DCFF79B424B3826E0022D6C7 /* SceneDelegate.m in Sources */,
			);
			runOnlyForDeploymentPostprocessing = 0;
		};
		DCFF79C324B382700022D6C7 /* Sources */ = {
			isa = PBXSourcesBuildPhase;
			buildActionMask = 2147483647;
			files = (
				DCFF79CC24B382700022D6C7 /* ParseChatTests.m in Sources */,
			);
			runOnlyForDeploymentPostprocessing = 0;
		};
		DCFF79CE24B382700022D6C7 /* Sources */ = {
			isa = PBXSourcesBuildPhase;
			buildActionMask = 2147483647;
			files = (
				DCFF79D724B382700022D6C7 /* ParseChatUITests.m in Sources */,
			);
			runOnlyForDeploymentPostprocessing = 0;
		};
/* End PBXSourcesBuildPhase section */

/* Begin PBXTargetDependency section */
		DCFF79C924B382700022D6C7 /* PBXTargetDependency */ = {
			isa = PBXTargetDependency;
			target = DCFF79AB24B3826E0022D6C7 /* ParseChat */;
			targetProxy = DCFF79C824B382700022D6C7 /* PBXContainerItemProxy */;
		};
		DCFF79D424B382700022D6C7 /* PBXTargetDependency */ = {
			isa = PBXTargetDependency;
			target = DCFF79AB24B3826E0022D6C7 /* ParseChat */;
			targetProxy = DCFF79D324B382700022D6C7 /* PBXContainerItemProxy */;
		};
/* End PBXTargetDependency section */

/* Begin PBXVariantGroup section */
		DCFF79B824B3826E0022D6C7 /* Main.storyboard */ = {
			isa = PBXVariantGroup;
			children = (
				DCFF79B924B3826E0022D6C7 /* Base */,
			);
			name = Main.storyboard;
			sourceTree = "<group>";
		};
		DCFF79BD24B382700022D6C7 /* LaunchScreen.storyboard */ = {
			isa = PBXVariantGroup;
			children = (
				DCFF79BE24B382700022D6C7 /* Base */,
			);
			name = LaunchScreen.storyboard;
			sourceTree = "<group>";
		};
/* End PBXVariantGroup section */

/* Begin XCBuildConfiguration section */
		DCFF79D924B382700022D6C7 /* Debug */ = {
			isa = XCBuildConfiguration;
			buildSettings = {
				ALWAYS_SEARCH_USER_PATHS = NO;
				CLANG_ANALYZER_NONNULL = YES;
				CLANG_ANALYZER_NUMBER_OBJECT_CONVERSION = YES_AGGRESSIVE;
				CLANG_CXX_LANGUAGE_STANDARD = "gnu++14";
				CLANG_CXX_LIBRARY = "libc++";
				CLANG_ENABLE_MODULES = YES;
				CLANG_ENABLE_OBJC_ARC = YES;
				CLANG_ENABLE_OBJC_WEAK = YES;
				CLANG_WARN_BLOCK_CAPTURE_AUTORELEASING = YES;
				CLANG_WARN_BOOL_CONVERSION = YES;
				CLANG_WARN_COMMA = YES;
				CLANG_WARN_CONSTANT_CONVERSION = YES;
				CLANG_WARN_DEPRECATED_OBJC_IMPLEMENTATIONS = YES;
				CLANG_WARN_DIRECT_OBJC_ISA_USAGE = YES_ERROR;
				CLANG_WARN_DOCUMENTATION_COMMENTS = YES;
				CLANG_WARN_EMPTY_BODY = YES;
				CLANG_WARN_ENUM_CONVERSION = YES;
				CLANG_WARN_INFINITE_RECURSION = YES;
				CLANG_WARN_INT_CONVERSION = YES;
				CLANG_WARN_NON_LITERAL_NULL_CONVERSION = YES;
				CLANG_WARN_OBJC_IMPLICIT_RETAIN_SELF = YES;
				CLANG_WARN_OBJC_LITERAL_CONVERSION = YES;
				CLANG_WARN_OBJC_ROOT_CLASS = YES_ERROR;
				CLANG_WARN_RANGE_LOOP_ANALYSIS = YES;
				CLANG_WARN_STRICT_PROTOTYPES = YES;
				CLANG_WARN_SUSPICIOUS_MOVE = YES;
				CLANG_WARN_UNGUARDED_AVAILABILITY = YES_AGGRESSIVE;
				CLANG_WARN_UNREACHABLE_CODE = YES;
				CLANG_WARN__DUPLICATE_METHOD_MATCH = YES;
				COPY_PHASE_STRIP = NO;
				DEBUG_INFORMATION_FORMAT = dwarf;
				ENABLE_STRICT_OBJC_MSGSEND = YES;
				ENABLE_TESTABILITY = YES;
				GCC_C_LANGUAGE_STANDARD = gnu11;
				GCC_DYNAMIC_NO_PIC = NO;
				GCC_NO_COMMON_BLOCKS = YES;
				GCC_OPTIMIZATION_LEVEL = 0;
				GCC_PREPROCESSOR_DEFINITIONS = (
					"DEBUG=1",
					"$(inherited)",
				);
				GCC_WARN_64_TO_32_BIT_CONVERSION = YES;
				GCC_WARN_ABOUT_RETURN_TYPE = YES_ERROR;
				GCC_WARN_UNDECLARED_SELECTOR = YES;
				GCC_WARN_UNINITIALIZED_AUTOS = YES_AGGRESSIVE;
				GCC_WARN_UNUSED_FUNCTION = YES;
				GCC_WARN_UNUSED_VARIABLE = YES;
				IPHONEOS_DEPLOYMENT_TARGET = 13.5;
				MTL_ENABLE_DEBUG_INFO = INCLUDE_SOURCE;
				MTL_FAST_MATH = YES;
				ONLY_ACTIVE_ARCH = YES;
				SDKROOT = iphoneos;
			};
			name = Debug;
		};
		DCFF79DA24B382700022D6C7 /* Release */ = {
			isa = XCBuildConfiguration;
			buildSettings = {
				ALWAYS_SEARCH_USER_PATHS = NO;
				CLANG_ANALYZER_NONNULL = YES;
				CLANG_ANALYZER_NUMBER_OBJECT_CONVERSION = YES_AGGRESSIVE;
				CLANG_CXX_LANGUAGE_STANDARD = "gnu++14";
				CLANG_CXX_LIBRARY = "libc++";
				CLANG_ENABLE_MODULES = YES;
				CLANG_ENABLE_OBJC_ARC = YES;
				CLANG_ENABLE_OBJC_WEAK = YES;
				CLANG_WARN_BLOCK_CAPTURE_AUTORELEASING = YES;
				CLANG_WARN_BOOL_CONVERSION = YES;
				CLANG_WARN_COMMA = YES;
				CLANG_WARN_CONSTANT_CONVERSION = YES;
				CLANG_WARN_DEPRECATED_OBJC_IMPLEMENTATIONS = YES;
				CLANG_WARN_DIRECT_OBJC_ISA_USAGE = YES_ERROR;
				CLANG_WARN_DOCUMENTATION_COMMENTS = YES;
				CLANG_WARN_EMPTY_BODY = YES;
				CLANG_WARN_ENUM_CONVERSION = YES;
				CLANG_WARN_INFINITE_RECURSION = YES;
				CLANG_WARN_INT_CONVERSION = YES;
				CLANG_WARN_NON_LITERAL_NULL_CONVERSION = YES;
				CLANG_WARN_OBJC_IMPLICIT_RETAIN_SELF = YES;
				CLANG_WARN_OBJC_LITERAL_CONVERSION = YES;
				CLANG_WARN_OBJC_ROOT_CLASS = YES_ERROR;
				CLANG_WARN_RANGE_LOOP_ANALYSIS = YES;
				CLANG_WARN_STRICT_PROTOTYPES = YES;
				CLANG_WARN_SUSPICIOUS_MOVE = YES;
				CLANG_WARN_UNGUARDED_AVAILABILITY = YES_AGGRESSIVE;
				CLANG_WARN_UNREACHABLE_CODE = YES;
				CLANG_WARN__DUPLICATE_METHOD_MATCH = YES;
				COPY_PHASE_STRIP = NO;
				DEBUG_INFORMATION_FORMAT = "dwarf-with-dsym";
				ENABLE_NS_ASSERTIONS = NO;
				ENABLE_STRICT_OBJC_MSGSEND = YES;
				GCC_C_LANGUAGE_STANDARD = gnu11;
				GCC_NO_COMMON_BLOCKS = YES;
				GCC_WARN_64_TO_32_BIT_CONVERSION = YES;
				GCC_WARN_ABOUT_RETURN_TYPE = YES_ERROR;
				GCC_WARN_UNDECLARED_SELECTOR = YES;
				GCC_WARN_UNINITIALIZED_AUTOS = YES_AGGRESSIVE;
				GCC_WARN_UNUSED_FUNCTION = YES;
				GCC_WARN_UNUSED_VARIABLE = YES;
				IPHONEOS_DEPLOYMENT_TARGET = 13.5;
				MTL_ENABLE_DEBUG_INFO = NO;
				MTL_FAST_MATH = YES;
				SDKROOT = iphoneos;
				VALIDATE_PRODUCT = YES;
			};
			name = Release;
		};
		DCFF79DC24B382700022D6C7 /* Debug */ = {
			isa = XCBuildConfiguration;
			buildSettings = {
				ASSETCATALOG_COMPILER_APPICON_NAME = AppIcon;
				CODE_SIGN_STYLE = Automatic;
				INFOPLIST_FILE = ParseChat/Info.plist;
				LD_RUNPATH_SEARCH_PATHS = (
					"$(inherited)",
					"@executable_path/Frameworks",
				);
				PRODUCT_BUNDLE_IDENTIFIER = com.laurentsai.ParseChat;
				PRODUCT_NAME = "$(TARGET_NAME)";
				TARGETED_DEVICE_FAMILY = "1,2";
			};
			name = Debug;
		};
		DCFF79DD24B382700022D6C7 /* Release */ = {
			isa = XCBuildConfiguration;
			buildSettings = {
				ASSETCATALOG_COMPILER_APPICON_NAME = AppIcon;
				CODE_SIGN_STYLE = Automatic;
				INFOPLIST_FILE = ParseChat/Info.plist;
				LD_RUNPATH_SEARCH_PATHS = (
					"$(inherited)",
					"@executable_path/Frameworks",
				);
				PRODUCT_BUNDLE_IDENTIFIER = com.laurentsai.ParseChat;
				PRODUCT_NAME = "$(TARGET_NAME)";
				TARGETED_DEVICE_FAMILY = "1,2";
			};
			name = Release;
		};
		DCFF79DF24B382700022D6C7 /* Debug */ = {
			isa = XCBuildConfiguration;
			buildSettings = {
				BUNDLE_LOADER = "$(TEST_HOST)";
				CODE_SIGN_STYLE = Automatic;
				INFOPLIST_FILE = ParseChatTests/Info.plist;
				IPHONEOS_DEPLOYMENT_TARGET = 13.5;
				LD_RUNPATH_SEARCH_PATHS = (
					"$(inherited)",
					"@executable_path/Frameworks",
					"@loader_path/Frameworks",
				);
				PRODUCT_BUNDLE_IDENTIFIER = com.laurentsai.ParseChatTests;
				PRODUCT_NAME = "$(TARGET_NAME)";
				TARGETED_DEVICE_FAMILY = "1,2";
				TEST_HOST = "$(BUILT_PRODUCTS_DIR)/ParseChat.app/ParseChat";
			};
			name = Debug;
		};
		DCFF79E024B382700022D6C7 /* Release */ = {
			isa = XCBuildConfiguration;
			buildSettings = {
				BUNDLE_LOADER = "$(TEST_HOST)";
				CODE_SIGN_STYLE = Automatic;
				INFOPLIST_FILE = ParseChatTests/Info.plist;
				IPHONEOS_DEPLOYMENT_TARGET = 13.5;
				LD_RUNPATH_SEARCH_PATHS = (
					"$(inherited)",
					"@executable_path/Frameworks",
					"@loader_path/Frameworks",
				);
				PRODUCT_BUNDLE_IDENTIFIER = com.laurentsai.ParseChatTests;
				PRODUCT_NAME = "$(TARGET_NAME)";
				TARGETED_DEVICE_FAMILY = "1,2";
				TEST_HOST = "$(BUILT_PRODUCTS_DIR)/ParseChat.app/ParseChat";
			};
			name = Release;
		};
		DCFF79E224B382700022D6C7 /* Debug */ = {
			isa = XCBuildConfiguration;
			buildSettings = {
				CODE_SIGN_STYLE = Automatic;
				INFOPLIST_FILE = ParseChatUITests/Info.plist;
				LD_RUNPATH_SEARCH_PATHS = (
					"$(inherited)",
					"@executable_path/Frameworks",
					"@loader_path/Frameworks",
				);
				PRODUCT_BUNDLE_IDENTIFIER = com.laurentsai.ParseChatUITests;
				PRODUCT_NAME = "$(TARGET_NAME)";
				TARGETED_DEVICE_FAMILY = "1,2";
				TEST_TARGET_NAME = ParseChat;
			};
			name = Debug;
		};
		DCFF79E324B382700022D6C7 /* Release */ = {
			isa = XCBuildConfiguration;
			buildSettings = {
				CODE_SIGN_STYLE = Automatic;
				INFOPLIST_FILE = ParseChatUITests/Info.plist;
				LD_RUNPATH_SEARCH_PATHS = (
					"$(inherited)",
					"@executable_path/Frameworks",
					"@loader_path/Frameworks",
				);
				PRODUCT_BUNDLE_IDENTIFIER = com.laurentsai.ParseChatUITests;
				PRODUCT_NAME = "$(TARGET_NAME)";
				TARGETED_DEVICE_FAMILY = "1,2";
				TEST_TARGET_NAME = ParseChat;
			};
			name = Release;
		};
/* End XCBuildConfiguration section */

/* Begin XCConfigurationList section */
		DCFF79A724B3826E0022D6C7 /* Build configuration list for PBXProject "ParseChat" */ = {
			isa = XCConfigurationList;
			buildConfigurations = (
				DCFF79D924B382700022D6C7 /* Debug */,
				DCFF79DA24B382700022D6C7 /* Release */,
			);
			defaultConfigurationIsVisible = 0;
			defaultConfigurationName = Release;
		};
		DCFF79DB24B382700022D6C7 /* Build configuration list for PBXNativeTarget "ParseChat" */ = {
			isa = XCConfigurationList;
			buildConfigurations = (
				DCFF79DC24B382700022D6C7 /* Debug */,
				DCFF79DD24B382700022D6C7 /* Release */,
			);
			defaultConfigurationIsVisible = 0;
			defaultConfigurationName = Release;
		};
		DCFF79DE24B382700022D6C7 /* Build configuration list for PBXNativeTarget "ParseChatTests" */ = {
			isa = XCConfigurationList;
			buildConfigurations = (
				DCFF79DF24B382700022D6C7 /* Debug */,
				DCFF79E024B382700022D6C7 /* Release */,
			);
			defaultConfigurationIsVisible = 0;
			defaultConfigurationName = Release;
		};
		DCFF79E124B382700022D6C7 /* Build configuration list for PBXNativeTarget "ParseChatUITests" */ = {
			isa = XCConfigurationList;
			buildConfigurations = (
				DCFF79E224B382700022D6C7 /* Debug */,
				DCFF79E324B382700022D6C7 /* Release */,
			);
			defaultConfigurationIsVisible = 0;
			defaultConfigurationName = Release;
		};
/* End XCConfigurationList section */
	};
	rootObject = DCFF79A424B3826E0022D6C7 /* Project object */;
}
